
Microsoft Visual Studio Solution File, Format Version 12.00
# Visual Studio 15
VisualStudioVersion = 15.0.28010.2003
MinimumVisualStudioVersion = 10.0.40219.1
Project("{FAE04EC0-301F-11D3-BF4B-00C04F79EFBC}") = "InedoExtension", "InedoExtension\InedoExtension.csproj", "{D4265965-84C8-42CA-9D3A-761F001796E5}"
EndProject
Global
	GlobalSection(SolutionConfigurationPlatforms) = preSolution
		Debug|Any CPU = Debug|Any CPU
		Release|Any CPU = Release|Any CPU
	EndGlobalSection
	GlobalSection(ProjectConfigurationPlatforms) = postSolution
		{D4265965-84C8-42CA-9D3A-761F001796E5}.Debug|Any CPU.ActiveCfg = Debug|Any CPU
		{D4265965-84C8-42CA-9D3A-761F001796E5}.Debug|Any CPU.Build.0 = Debug|Any CPU
		{D4265965-84C8-42CA-9D3A-761F001796E5}.Release|Any CPU.ActiveCfg = Release|Any CPU
		{D4265965-84C8-42CA-9D3A-761F001796E5}.Release|Any CPU.Build.0 = Release|Any CPU
	EndGlobalSection
	GlobalSection(SolutionProperties) = preSolution
		HideSolutionNode = FALSE
	EndGlobalSection
	GlobalSection(ExtensibilityGlobals) = postSolution
		SolutionGuid = {A17DCEB7-63BE-41AA-9695-7D02E67E87EE}
	EndGlobalSection
EndGlobal
